<?xml version="1.0" encoding="utf-8"?>
<Project ToolsVersion="4.0" xmlns="http://schemas.microsoft.com/developer/msbuild/2003">
  <ItemGroup>
    <Filter Include="main">
      <UniqueIdentifier>{cfbaf47d-68ea-4053-83dc-e724bb0f2b87}</UniqueIdentifier>
    </Filter>
    <Filter Include="class">
      <UniqueIdentifier>{ca51f701-9837-4ebe-9323-14a8c8f67921}</UniqueIdentifier>
    </Filter>
  </ItemGroup>
  <ItemGroup>
    <ClCompile Include="main.cpp">
      <Filter>main</Filter>
    </ClCompile>
  </ItemGroup>
  <ItemGroup>
    <ClInclude Include="Student.h">
      <Filter>class</Filter>
    </ClInclude>
    <ClInclude Include="generator.h">
      <Filter>class</Filter>
    </ClInclude>
  </ItemGroup>
</Project>